
Microsoft Visual Studio Solution File, Format Version 12.00
# Visual Studio Version 16
VisualStudioVersion = 16.0.30204.135
MinimumVisualStudioVersion = 10.0.40219.1
Project("{FAE04EC0-301F-11D3-BF4B-00C04F79EFBC}") = "Interfejs", "Interfejs\Interfejs.csproj", "{2B9F01CD-4730-4832-8DBE-8CA97AAB498A}"
EndProject
Project("{FAE04EC0-301F-11D3-BF4B-00C04F79EFBC}") = "Logika", "Logika\Logika.csproj", "{CC5C4C6E-3C3C-4CC9-9CD0-FD3AB909BE48}"
EndProject
Global
	GlobalSection(SolutionConfigurationPlatforms) = preSolution
		Debug|Any CPU = Debug|Any CPU
		Release|Any CPU = Release|Any CPU
	EndGlobalSection
	GlobalSection(ProjectConfigurationPlatforms) = postSolution
		{2B9F01CD-4730-4832-8DBE-8CA97AAB498A}.Debug|Any CPU.ActiveCfg = Debug|Any CPU
		{2B9F01CD-4730-4832-8DBE-8CA97AAB498A}.Debug|Any CPU.Build.0 = Debug|Any CPU
		{2B9F01CD-4730-4832-8DBE-8CA97AAB498A}.Release|Any CPU.ActiveCfg = Release|Any CPU
		{2B9F01CD-4730-4832-8DBE-8CA97AAB498A}.Release|Any CPU.Build.0 = Release|Any CPU
		{CC5C4C6E-3C3C-4CC9-9CD0-FD3AB909BE48}.Debug|Any CPU.ActiveCfg = Debug|Any CPU
		{CC5C4C6E-3C3C-4CC9-9CD0-FD3AB909BE48}.Debug|Any CPU.Build.0 = Debug|Any CPU
		{CC5C4C6E-3C3C-4CC9-9CD0-FD3AB909BE48}.Release|Any CPU.ActiveCfg = Release|Any CPU
		{CC5C4C6E-3C3C-4CC9-9CD0-FD3AB909BE48}.Release|Any CPU.Build.0 = Release|Any CPU
	EndGlobalSection
	GlobalSection(SolutionProperties) = preSolution
		HideSolutionNode = FALSE
	EndGlobalSection
	GlobalSection(ExtensibilityGlobals) = postSolution
		SolutionGuid = {C89BF073-DB0F-4598-AC3F-C93B537E0CBC}
	EndGlobalSection
EndGlobal
